// !$*UTF8*$!
{
	archiveVersion = 1;
	classes = {
	};
	objectVersion = 46;
	objects = {

/* Begin PBXBuildFile section */
		4C31C048181C1B2C0052FA84 /* SUHost.h in Headers */ = {isa = PBXBuildFile; fileRef = 4C4AB5601810C96E00B286AA /* SUHost.h */; settings = {ATTRIBUTES = (Public, ); }; };
		4C4AB5A4181227EE00B286AA /* Cocoa.framework in Frameworks */ = {isa = PBXBuildFile; fileRef = 4C4AB5481810C8B900B286AA /* Cocoa.framework */; };
		4C4AB5AA181227EE00B286AA /* InfoPlist.strings in Resources */ = {isa = PBXBuildFile; fileRef = 4C4AB5A8181227EE00B286AA /* InfoPlist.strings */; };
		4C4AB5B21812289600B286AA /* SilhouetteReporter.m in Sources */ = {isa = PBXBuildFile; fileRef = 4C4AB55A1810C95500B286AA /* SilhouetteReporter.m */; };
		4C4AB5B3181228A400B286AA /* SUSystemProfiler.m in Sources */ = {isa = PBXBuildFile; fileRef = 4C4AB55F1810C96E00B286AA /* SUSystemProfiler.m */; };
		4C4AB5B4181228A700B286AA /* SUHost.m in Sources */ = {isa = PBXBuildFile; fileRef = 4C4AB5611810C96E00B286AA /* SUHost.m */; };
		4C4AB5B5181228AD00B286AA /* SUConstants.m in Sources */ = {isa = PBXBuildFile; fileRef = 4C4AB5631810C96E00B286AA /* SUConstants.m */; };
		4C4AB5B6181228B100B286AA /* SULog.m in Sources */ = {isa = PBXBuildFile; fileRef = 4C4AB5651810C96E00B286AA /* SULog.m */; };
		4C4AB5B7181228BB00B286AA /* SilhouetteReporter.h in Headers */ = {isa = PBXBuildFile; fileRef = 4C4AB5591810C95500B286AA /* SilhouetteReporter.h */; settings = {ATTRIBUTES = (Public, ); }; };
		4C4AB5B8181228C200B286AA /* SUConstants.h in Headers */ = {isa = PBXBuildFile; fileRef = 4C4AB5621810C96E00B286AA /* SUConstants.h */; settings = {ATTRIBUTES = (Public, ); }; };
		4C4AB5BE18122FC600B286AA /* Cocoa.framework in Frameworks */ = {isa = PBXBuildFile; fileRef = 4C4AB5481810C8B900B286AA /* Cocoa.framework */; };
		4C4AB5C418122FC600B286AA /* InfoPlist.strings in Resources */ = {isa = PBXBuildFile; fileRef = 4C4AB5C218122FC600B286AA /* InfoPlist.strings */; };
		4C4AB5C618122FC600B286AA /* main.m in Sources */ = {isa = PBXBuildFile; fileRef = 4C4AB5C518122FC600B286AA /* main.m */; };
		4C4AB5CA18122FC600B286AA /* Credits.rtf in Resources */ = {isa = PBXBuildFile; fileRef = 4C4AB5C818122FC600B286AA /* Credits.rtf */; };
		4C4AB5CD18122FC600B286AA /* AppDelegate.m in Sources */ = {isa = PBXBuildFile; fileRef = 4C4AB5CC18122FC600B286AA /* AppDelegate.m */; };
		4C4AB5D018122FC600B286AA /* MainMenu.xib in Resources */ = {isa = PBXBuildFile; fileRef = 4C4AB5CE18122FC600B286AA /* MainMenu.xib */; };
		4C4AB5D618122FDD00B286AA /* Silhouette.framework in Frameworks */ = {isa = PBXBuildFile; fileRef = 4C4AB5A3181227EE00B286AA /* Silhouette.framework */; };
		4C4AB5D81812311800B286AA /* Silhouette.framework in Copy Frameworks */ = {isa = PBXBuildFile; fileRef = 4C4AB5A3181227EE00B286AA /* Silhouette.framework */; };
/* End PBXBuildFile section */

/* Begin PBXContainerItemProxy section */
		4C4AB5D418122FD400B286AA /* PBXContainerItemProxy */ = {
			isa = PBXContainerItemProxy;
			containerPortal = 4C4AB53D1810C8B900B286AA /* Project object */;
			proxyType = 1;
			remoteGlobalIDString = 4C4AB5A2181227EE00B286AA;
			remoteInfo = Silhouette;
		};
/* End PBXContainerItemProxy section */

/* Begin PBXCopyFilesBuildPhase section */
		4C4AB5D71812310500B286AA /* Copy Frameworks */ = {
			isa = PBXCopyFilesBuildPhase;
			buildActionMask = 2147483647;
			dstPath = "";
			dstSubfolderSpec = 10;
			files = (
				4C4AB5D81812311800B286AA /* Silhouette.framework in Copy Frameworks */,
			);
			name = "Copy Frameworks";
			runOnlyForDeploymentPostprocessing = 0;
		};
/* End PBXCopyFilesBuildPhase section */

/* Begin PBXFileReference section */
		4C31C0441818C53F0052FA84 /* SilhouetteDemo.entitlements */ = {isa = PBXFileReference; lastKnownFileType = text.xml; path = SilhouetteDemo.entitlements; sourceTree = "<group>"; };
		4C4AB5481810C8B900B286AA /* Cocoa.framework */ = {isa = PBXFileReference; lastKnownFileType = wrapper.framework; name = Cocoa.framework; path = System/Library/Frameworks/Cocoa.framework; sourceTree = SDKROOT; };
		4C4AB54B1810C8B900B286AA /* AppKit.framework */ = {isa = PBXFileReference; lastKnownFileType = wrapper.framework; name = AppKit.framework; path = System/Library/Frameworks/AppKit.framework; sourceTree = SDKROOT; };
		4C4AB54C1810C8B900B286AA /* CoreData.framework */ = {isa = PBXFileReference; lastKnownFileType = wrapper.framework; name = CoreData.framework; path = System/Library/Frameworks/CoreData.framework; sourceTree = SDKROOT; };
		4C4AB54D1810C8B900B286AA /* Foundation.framework */ = {isa = PBXFileReference; lastKnownFileType = wrapper.framework; name = Foundation.framework; path = System/Library/Frameworks/Foundation.framework; sourceTree = SDKROOT; };
		4C4AB5501810C8B900B286AA /* Silhouette-Prefix.pch */ = {isa = PBXFileReference; lastKnownFileType = sourcecode.c.h; path = "Silhouette-Prefix.pch"; sourceTree = "<group>"; };
		4C4AB5591810C95500B286AA /* SilhouetteReporter.h */ = {isa = PBXFileReference; fileEncoding = 4; lastKnownFileType = sourcecode.c.h; path = SilhouetteReporter.h; sourceTree = "<group>"; };
		4C4AB55A1810C95500B286AA /* SilhouetteReporter.m */ = {isa = PBXFileReference; fileEncoding = 4; lastKnownFileType = sourcecode.c.objc; path = SilhouetteReporter.m; sourceTree = "<group>"; };
		4C4AB55E1810C96E00B286AA /* SUSystemProfiler.h */ = {isa = PBXFileReference; fileEncoding = 4; lastKnownFileType = sourcecode.c.h; path = SUSystemProfiler.h; sourceTree = "<group>"; };
		4C4AB55F1810C96E00B286AA /* SUSystemProfiler.m */ = {isa = PBXFileReference; fileEncoding = 4; lastKnownFileType = sourcecode.c.objc; path = SUSystemProfiler.m; sourceTree = "<group>"; };
		4C4AB5601810C96E00B286AA /* SUHost.h */ = {isa = PBXFileReference; fileEncoding = 4; lastKnownFileType = sourcecode.c.h; path = SUHost.h; sourceTree = "<group>"; };
		4C4AB5611810C96E00B286AA /* SUHost.m */ = {isa = PBXFileReference; fileEncoding = 4; lastKnownFileType = sourcecode.c.objc; path = SUHost.m; sourceTree = "<group>"; };
		4C4AB5621810C96E00B286AA /* SUConstants.h */ = {isa = PBXFileReference; fileEncoding = 4; lastKnownFileType = sourcecode.c.h; path = SUConstants.h; sourceTree = "<group>"; };
		4C4AB5631810C96E00B286AA /* SUConstants.m */ = {isa = PBXFileReference; fileEncoding = 4; lastKnownFileType = sourcecode.c.objc; path = SUConstants.m; sourceTree = "<group>"; };
		4C4AB5641810C96E00B286AA /* SULog.h */ = {isa = PBXFileReference; fileEncoding = 4; lastKnownFileType = sourcecode.c.h; path = SULog.h; sourceTree = "<group>"; };
		4C4AB5651810C96E00B286AA /* SULog.m */ = {isa = PBXFileReference; fileEncoding = 4; lastKnownFileType = sourcecode.c.objc; path = SULog.m; sourceTree = "<group>"; };
		4C4AB5A3181227EE00B286AA /* Silhouette.framework */ = {isa = PBXFileReference; explicitFileType = wrapper.framework; includeInIndex = 0; path = Silhouette.framework; sourceTree = BUILT_PRODUCTS_DIR; };
		4C4AB5A7181227EE00B286AA /* Silhouette-Info.plist */ = {isa = PBXFileReference; lastKnownFileType = text.plist.xml; path = "Silhouette-Info.plist"; sourceTree = "<group>"; };
		4C4AB5A9181227EE00B286AA /* en */ = {isa = PBXFileReference; lastKnownFileType = text.plist.strings; name = en; path = en.lproj/InfoPlist.strings; sourceTree = "<group>"; };
		4C4AB5BD18122FC500B286AA /* SilhouetteDemo.app */ = {isa = PBXFileReference; explicitFileType = wrapper.application; includeInIndex = 0; path = SilhouetteDemo.app; sourceTree = BUILT_PRODUCTS_DIR; };
		4C4AB5C118122FC600B286AA /* SilhouetteDemo-Info.plist */ = {isa = PBXFileReference; lastKnownFileType = text.plist.xml; path = "SilhouetteDemo-Info.plist"; sourceTree = "<group>"; };
		4C4AB5C318122FC600B286AA /* en */ = {isa = PBXFileReference; lastKnownFileType = text.plist.strings; name = en; path = en.lproj/InfoPlist.strings; sourceTree = "<group>"; };
		4C4AB5C518122FC600B286AA /* main.m */ = {isa = PBXFileReference; lastKnownFileType = sourcecode.c.objc; path = main.m; sourceTree = "<group>"; };
		4C4AB5C718122FC600B286AA /* SilhouetteDemo-Prefix.pch */ = {isa = PBXFileReference; lastKnownFileType = sourcecode.c.h; path = "SilhouetteDemo-Prefix.pch"; sourceTree = "<group>"; };
		4C4AB5C918122FC600B286AA /* en */ = {isa = PBXFileReference; lastKnownFileType = text.rtf; name = en; path = en.lproj/Credits.rtf; sourceTree = "<group>"; };
		4C4AB5CB18122FC600B286AA /* AppDelegate.h */ = {isa = PBXFileReference; lastKnownFileType = sourcecode.c.h; path = AppDelegate.h; sourceTree = "<group>"; };
		4C4AB5CC18122FC600B286AA /* AppDelegate.m */ = {isa = PBXFileReference; lastKnownFileType = sourcecode.c.objc; path = AppDelegate.m; sourceTree = "<group>"; };
		4C4AB5CF18122FC600B286AA /* en */ = {isa = PBXFileReference; lastKnownFileType = file.xib; name = en; path = en.lproj/MainMenu.xib; sourceTree = "<group>"; };
/* End PBXFileReference section */

/* Begin PBXFrameworksBuildPhase section */
		4C4AB59F181227EE00B286AA /* Frameworks */ = {
			isa = PBXFrameworksBuildPhase;
			buildActionMask = 2147483647;
			files = (
				4C4AB5A4181227EE00B286AA /* Cocoa.framework in Frameworks */,
			);
			runOnlyForDeploymentPostprocessing = 0;
		};
		4C4AB5BA18122FC500B286AA /* Frameworks */ = {
			isa = PBXFrameworksBuildPhase;
			buildActionMask = 2147483647;
			files = (
				4C4AB5BE18122FC600B286AA /* Cocoa.framework in Frameworks */,
				4C4AB5D618122FDD00B286AA /* Silhouette.framework in Frameworks */,
			);
			runOnlyForDeploymentPostprocessing = 0;
		};
/* End PBXFrameworksBuildPhase section */

/* Begin PBXGroup section */
		4C4AB53C1810C8B900B286AA = {
			isa = PBXGroup;
			children = (
				4C4AB54E1810C8B900B286AA /* Silhouette */,
				4C4AB5BF18122FC600B286AA /* SilhouetteDemo */,
				4C4AB5471810C8B900B286AA /* Frameworks */,
				4C4AB5461810C8B900B286AA /* Products */,
			);
			sourceTree = "<group>";
		};
		4C4AB5461810C8B900B286AA /* Products */ = {
			isa = PBXGroup;
			children = (
				4C4AB5A3181227EE00B286AA /* Silhouette.framework */,
				4C4AB5BD18122FC500B286AA /* SilhouetteDemo.app */,
			);
			name = Products;
			sourceTree = "<group>";
		};
		4C4AB5471810C8B900B286AA /* Frameworks */ = {
			isa = PBXGroup;
			children = (
				4C4AB5481810C8B900B286AA /* Cocoa.framework */,
				4C4AB54A1810C8B900B286AA /* Other Frameworks */,
			);
			name = Frameworks;
			sourceTree = "<group>";
		};
		4C4AB54A1810C8B900B286AA /* Other Frameworks */ = {
			isa = PBXGroup;
			children = (
				4C4AB54B1810C8B900B286AA /* AppKit.framework */,
				4C4AB54C1810C8B900B286AA /* CoreData.framework */,
				4C4AB54D1810C8B900B286AA /* Foundation.framework */,
			);
			name = "Other Frameworks";
			sourceTree = "<group>";
		};
		4C4AB54E1810C8B900B286AA /* Silhouette */ = {
			isa = PBXGroup;
			children = (
				4C4AB5591810C95500B286AA /* SilhouetteReporter.h */,
				4C4AB55A1810C95500B286AA /* SilhouetteReporter.m */,
				4C4AB55D1810C95D00B286AA /* Sparkle */,
				4C4AB54F1810C8B900B286AA /* Supporting Files */,
			);
			path = Silhouette;
			sourceTree = "<group>";
		};
		4C4AB54F1810C8B900B286AA /* Supporting Files */ = {
			isa = PBXGroup;
			children = (
				4C4AB5501810C8B900B286AA /* Silhouette-Prefix.pch */,
				4C4AB5A7181227EE00B286AA /* Silhouette-Info.plist */,
				4C4AB5A8181227EE00B286AA /* InfoPlist.strings */,
			);
			name = "Supporting Files";
			sourceTree = "<group>";
		};
		4C4AB55D1810C95D00B286AA /* Sparkle */ = {
			isa = PBXGroup;
			children = (
				4C4AB55E1810C96E00B286AA /* SUSystemProfiler.h */,
				4C4AB55F1810C96E00B286AA /* SUSystemProfiler.m */,
				4C4AB5601810C96E00B286AA /* SUHost.h */,
				4C4AB5611810C96E00B286AA /* SUHost.m */,
				4C4AB5621810C96E00B286AA /* SUConstants.h */,
				4C4AB5631810C96E00B286AA /* SUConstants.m */,
				4C4AB5641810C96E00B286AA /* SULog.h */,
				4C4AB5651810C96E00B286AA /* SULog.m */,
			);
			name = Sparkle;
			sourceTree = "<group>";
		};
		4C4AB5BF18122FC600B286AA /* SilhouetteDemo */ = {
			isa = PBXGroup;
			children = (
				4C31C0441818C53F0052FA84 /* SilhouetteDemo.entitlements */,
				4C4AB5CB18122FC600B286AA /* AppDelegate.h */,
				4C4AB5CC18122FC600B286AA /* AppDelegate.m */,
				4C4AB5CE18122FC600B286AA /* MainMenu.xib */,
				4C4AB5C018122FC600B286AA /* Supporting Files */,
			);
			path = SilhouetteDemo;
			sourceTree = "<group>";
		};
		4C4AB5C018122FC600B286AA /* Supporting Files */ = {
			isa = PBXGroup;
			children = (
				4C4AB5C118122FC600B286AA /* SilhouetteDemo-Info.plist */,
				4C4AB5C218122FC600B286AA /* InfoPlist.strings */,
				4C4AB5C518122FC600B286AA /* main.m */,
				4C4AB5C718122FC600B286AA /* SilhouetteDemo-Prefix.pch */,
				4C4AB5C818122FC600B286AA /* Credits.rtf */,
			);
			name = "Supporting Files";
			sourceTree = "<group>";
		};
/* End PBXGroup section */

/* Begin PBXHeadersBuildPhase section */
		4C4AB5A0181227EE00B286AA /* Headers */ = {
			isa = PBXHeadersBuildPhase;
			buildActionMask = 2147483647;
			files = (
				4C4AB5B7181228BB00B286AA /* SilhouetteReporter.h in Headers */,
				4C4AB5B8181228C200B286AA /* SUConstants.h in Headers */,
				4C31C048181C1B2C0052FA84 /* SUHost.h in Headers */,
			);
			runOnlyForDeploymentPostprocessing = 0;
		};
/* End PBXHeadersBuildPhase section */

/* Begin PBXNativeTarget section */
		4C4AB5A2181227EE00B286AA /* Silhouette */ = {
			isa = PBXNativeTarget;
			buildConfigurationList = 4C4AB5AF181227EE00B286AA /* Build configuration list for PBXNativeTarget "Silhouette" */;
			buildPhases = (
				4C4AB59E181227EE00B286AA /* Sources */,
				4C4AB59F181227EE00B286AA /* Frameworks */,
				4C4AB5A0181227EE00B286AA /* Headers */,
				4C4AB5A1181227EE00B286AA /* Resources */,
			);
			buildRules = (
			);
			dependencies = (
			);
			name = Silhouette;
			productName = Silhouette;
			productReference = 4C4AB5A3181227EE00B286AA /* Silhouette.framework */;
			productType = "com.apple.product-type.framework";
		};
		4C4AB5BC18122FC500B286AA /* SilhouetteDemo */ = {
			isa = PBXNativeTarget;
			buildConfigurationList = 4C4AB5D118122FC600B286AA /* Build configuration list for PBXNativeTarget "SilhouetteDemo" */;
			buildPhases = (
				4C4AB5B918122FC500B286AA /* Sources */,
				4C4AB5BA18122FC500B286AA /* Frameworks */,
				4C4AB5BB18122FC500B286AA /* Resources */,
				4C4AB5D71812310500B286AA /* Copy Frameworks */,
			);
			buildRules = (
			);
			dependencies = (
				4C4AB5D518122FD400B286AA /* PBXTargetDependency */,
			);
			name = SilhouetteDemo;
			productName = SilhouetteDemo;
			productReference = 4C4AB5BD18122FC500B286AA /* SilhouetteDemo.app */;
			productType = "com.apple.product-type.application";
		};
/* End PBXNativeTarget section */

/* Begin PBXProject section */
		4C4AB53D1810C8B900B286AA /* Project object */ = {
			isa = PBXProject;
			attributes = {
				LastUpgradeCheck = 0510;
				ORGANIZATIONNAME = "Glencode LLC";
			};
			buildConfigurationList = 4C4AB5401810C8B900B286AA /* Build configuration list for PBXProject "Silhouette" */;
			compatibilityVersion = "Xcode 3.2";
			developmentRegion = English;
			hasScannedForEncodings = 0;
			knownRegions = (
				en,
			);
			mainGroup = 4C4AB53C1810C8B900B286AA;
			productRefGroup = 4C4AB5461810C8B900B286AA /* Products */;
			projectDirPath = "";
			projectRoot = "";
			targets = (
				4C4AB5A2181227EE00B286AA /* Silhouette */,
				4C4AB5BC18122FC500B286AA /* SilhouetteDemo */,
			);
		};
/* End PBXProject section */

/* Begin PBXResourcesBuildPhase section */
		4C4AB5A1181227EE00B286AA /* Resources */ = {
			isa = PBXResourcesBuildPhase;
			buildActionMask = 2147483647;
			files = (
				4C4AB5AA181227EE00B286AA /* InfoPlist.strings in Resources */,
			);
			runOnlyForDeploymentPostprocessing = 0;
		};
		4C4AB5BB18122FC500B286AA /* Resources */ = {
			isa = PBXResourcesBuildPhase;
			buildActionMask = 2147483647;
			files = (
				4C4AB5C418122FC600B286AA /* InfoPlist.strings in Resources */,
				4C4AB5CA18122FC600B286AA /* Credits.rtf in Resources */,
				4C4AB5D018122FC600B286AA /* MainMenu.xib in Resources */,
			);
			runOnlyForDeploymentPostprocessing = 0;
		};
/* End PBXResourcesBuildPhase section */

/* Begin PBXSourcesBuildPhase section */
		4C4AB59E181227EE00B286AA /* Sources */ = {
			isa = PBXSourcesBuildPhase;
			buildActionMask = 2147483647;
			files = (
				4C4AB5B21812289600B286AA /* SilhouetteReporter.m in Sources */,
				4C4AB5B3181228A400B286AA /* SUSystemProfiler.m in Sources */,
				4C4AB5B4181228A700B286AA /* SUHost.m in Sources */,
				4C4AB5B5181228AD00B286AA /* SUConstants.m in Sources */,
				4C4AB5B6181228B100B286AA /* SULog.m in Sources */,
			);
			runOnlyForDeploymentPostprocessing = 0;
		};
		4C4AB5B918122FC500B286AA /* Sources */ = {
			isa = PBXSourcesBuildPhase;
			buildActionMask = 2147483647;
			files = (
				4C4AB5C618122FC600B286AA /* main.m in Sources */,
				4C4AB5CD18122FC600B286AA /* AppDelegate.m in Sources */,
			);
			runOnlyForDeploymentPostprocessing = 0;
		};
/* End PBXSourcesBuildPhase section */

/* Begin PBXTargetDependency section */
		4C4AB5D518122FD400B286AA /* PBXTargetDependency */ = {
			isa = PBXTargetDependency;
			target = 4C4AB5A2181227EE00B286AA /* Silhouette */;
			targetProxy = 4C4AB5D418122FD400B286AA /* PBXContainerItemProxy */;
		};
/* End PBXTargetDependency section */

/* Begin PBXVariantGroup section */
		4C4AB5A8181227EE00B286AA /* InfoPlist.strings */ = {
			isa = PBXVariantGroup;
			children = (
				4C4AB5A9181227EE00B286AA /* en */,
			);
			name = InfoPlist.strings;
			sourceTree = "<group>";
		};
		4C4AB5C218122FC600B286AA /* InfoPlist.strings */ = {
			isa = PBXVariantGroup;
			children = (
				4C4AB5C318122FC600B286AA /* en */,
			);
			name = InfoPlist.strings;
			sourceTree = "<group>";
		};
		4C4AB5C818122FC600B286AA /* Credits.rtf */ = {
			isa = PBXVariantGroup;
			children = (
				4C4AB5C918122FC600B286AA /* en */,
			);
			name = Credits.rtf;
			sourceTree = "<group>";
		};
		4C4AB5CE18122FC600B286AA /* MainMenu.xib */ = {
			isa = PBXVariantGroup;
			children = (
				4C4AB5CF18122FC600B286AA /* en */,
			);
			name = MainMenu.xib;
			sourceTree = "<group>";
		};
/* End PBXVariantGroup section */

/* Begin XCBuildConfiguration section */
		4C4AB5541810C8B900B286AA /* Debug */ = {
			isa = XCBuildConfiguration;
			buildSettings = {
				ALWAYS_SEARCH_USER_PATHS = NO;
				CLANG_CXX_LANGUAGE_STANDARD = "gnu++0x";
				CLANG_CXX_LIBRARY = "libc++";
				CLANG_WARN_CONSTANT_CONVERSION = YES;
				CLANG_WARN_EMPTY_BODY = YES;
				CLANG_WARN_ENUM_CONVERSION = YES;
				CLANG_WARN_INT_CONVERSION = YES;
				CLANG_WARN__DUPLICATE_METHOD_MATCH = YES;
				COPY_PHASE_STRIP = NO;
				CURRENT_PROJECT_VERSION = 10;
				GCC_C_LANGUAGE_STANDARD = gnu99;
				GCC_DYNAMIC_NO_PIC = NO;
				GCC_ENABLE_OBJC_EXCEPTIONS = YES;
				GCC_OPTIMIZATION_LEVEL = 0;
				GCC_PREPROCESSOR_DEFINITIONS = (
					"DEBUG=1",
					"$(inherited)",
				);
				GCC_SYMBOLS_PRIVATE_EXTERN = NO;
				GCC_WARN_64_TO_32_BIT_CONVERSION = YES;
				GCC_WARN_ABOUT_RETURN_TYPE = YES;
				GCC_WARN_UNINITIALIZED_AUTOS = YES;
				GCC_WARN_UNUSED_VARIABLE = YES;
				MACOSX_DEPLOYMENT_TARGET = 10.7;
				ONLY_ACTIVE_ARCH = YES;
				SDKROOT = macosx;
				VERSIONING_SYSTEM = "apple-generic";
			};
			name = Debug;
		};
		4C4AB5551810C8B900B286AA /* Release */ = {
			isa = XCBuildConfiguration;
			buildSettings = {
				ALWAYS_SEARCH_USER_PATHS = NO;
				CLANG_CXX_LANGUAGE_STANDARD = "gnu++0x";
				CLANG_CXX_LIBRARY = "libc++";
				CLANG_WARN_CONSTANT_CONVERSION = YES;
				CLANG_WARN_EMPTY_BODY = YES;
				CLANG_WARN_ENUM_CONVERSION = YES;
				CLANG_WARN_INT_CONVERSION = YES;
				CLANG_WARN__DUPLICATE_METHOD_MATCH = YES;
				COPY_PHASE_STRIP = YES;
				CURRENT_PROJECT_VERSION = 10;
				DEBUG_INFORMATION_FORMAT = "dwarf-with-dsym";
				GCC_C_LANGUAGE_STANDARD = gnu99;
				GCC_ENABLE_OBJC_EXCEPTIONS = YES;
				GCC_WARN_64_TO_32_BIT_CONVERSION = YES;
				GCC_WARN_ABOUT_RETURN_TYPE = YES;
				GCC_WARN_UNINITIALIZED_AUTOS = YES;
				GCC_WARN_UNUSED_VARIABLE = YES;
				MACOSX_DEPLOYMENT_TARGET = 10.7;
				SDKROOT = macosx;
				VERSIONING_SYSTEM = "apple-generic";
			};
			name = Release;
		};
		4C4AB5B0181227EE00B286AA /* Debug */ = {
			isa = XCBuildConfiguration;
			buildSettings = {
				CODE_SIGN_IDENTITY = "3rd Party Mac Developer Application";
				COMBINE_HIDPI_IMAGES = YES;
				DYLIB_COMPATIBILITY_VERSION = 1;
				DYLIB_CURRENT_VERSION = 10;
				FRAMEWORK_VERSION = A;
				GCC_PRECOMPILE_PREFIX_HEADER = YES;
				GCC_PREFIX_HEADER = "Silhouette/Silhouette-Prefix.pch";
				INFOPLIST_FILE = "Silhouette/Silhouette-Info.plist";
				INSTALL_PATH = "@loader_path/../Frameworks";
				PRODUCT_NAME = "$(TARGET_NAME)";
				PROVISIONING_PROFILE = "";
				WRAPPER_EXTENSION = framework;
			};
			name = Debug;
		};
		4C4AB5B1181227EE00B286AA /* Release */ = {
			isa = XCBuildConfiguration;
			buildSettings = {
				CODE_SIGN_IDENTITY = "3rd Party Mac Developer Application";
				COMBINE_HIDPI_IMAGES = YES;
				DYLIB_COMPATIBILITY_VERSION = 1;
				DYLIB_CURRENT_VERSION = 10;
				FRAMEWORK_VERSION = A;
				GCC_PRECOMPILE_PREFIX_HEADER = YES;
				GCC_PREFIX_HEADER = "Silhouette/Silhouette-Prefix.pch";
				INFOPLIST_FILE = "Silhouette/Silhouette-Info.plist";
				INSTALL_PATH = "@loader_path/../Frameworks";
				PRODUCT_NAME = "$(TARGET_NAME)";
				PROVISIONING_PROFILE = "";
				WRAPPER_EXTENSION = framework;
			};
			name = Release;
		};
		4C4AB5D218122FC600B286AA /* Debug */ = {
			isa = XCBuildConfiguration;
			buildSettings = {
				CODE_SIGN_ENTITLEMENTS = SilhouetteDemo/SilhouetteDemo.entitlements;
				CODE_SIGN_IDENTITY = "3rd Party Mac Developer Application";
				COMBINE_HIDPI_IMAGES = YES;
				GCC_PRECOMPILE_PREFIX_HEADER = YES;
				GCC_PREFIX_HEADER = "SilhouetteDemo/SilhouetteDemo-Prefix.pch";
				INFOPLIST_FILE = "SilhouetteDemo/SilhouetteDemo-Info.plist";
				PRODUCT_NAME = "$(TARGET_NAME)";
				PROVISIONING_PROFILE = "";
				WRAPPER_EXTENSION = app;
			};
			name = Debug;
		};
		4C4AB5D318122FC600B286AA /* Release */ = {
			isa = XCBuildConfiguration;
			buildSettings = {
				CODE_SIGN_ENTITLEMENTS = SilhouetteDemo/SilhouetteDemo.entitlements;
				CODE_SIGN_IDENTITY = "3rd Party Mac Developer Application";
				COMBINE_HIDPI_IMAGES = YES;
				GCC_PRECOMPILE_PREFIX_HEADER = YES;
				GCC_PREFIX_HEADER = "SilhouetteDemo/SilhouetteDemo-Prefix.pch";
				INFOPLIST_FILE = "SilhouetteDemo/SilhouetteDemo-Info.plist";
				PRODUCT_NAME = "$(TARGET_NAME)";
				PROVISIONING_PROFILE = "";
				WRAPPER_EXTENSION = app;
			};
			name = Release;
		};
/* End XCBuildConfiguration section */

/* Begin XCConfigurationList section */
		4C4AB5401810C8B900B286AA /* Build configuration list for PBXProject "Silhouette" */ = {
			isa = XCConfigurationList;
			buildConfigurations = (
				4C4AB5541810C8B900B286AA /* Debug */,
				4C4AB5551810C8B900B286AA /* Release */,
			);
			defaultConfigurationIsVisible = 0;
			defaultConfigurationName = Release;
		};
		4C4AB5AF181227EE00B286AA /* Build configuration list for PBXNativeTarget "Silhouette" */ = {
			isa = XCConfigurationList;
			buildConfigurations = (
				4C4AB5B0181227EE00B286AA /* Debug */,
				4C4AB5B1181227EE00B286AA /* Release */,
			);
			defaultConfigurationIsVisible = 0;
			defaultConfigurationName = Release;
		};
		4C4AB5D118122FC600B286AA /* Build configuration list for PBXNativeTarget "SilhouetteDemo" */ = {
			isa = XCConfigurationList;
			buildConfigurations = (
				4C4AB5D218122FC600B286AA /* Debug */,
				4C4AB5D318122FC600B286AA /* Release */,
			);
			defaultConfigurationIsVisible = 0;
			defaultConfigurationName = Release;
		};
/* End XCConfigurationList section */
	};
	rootObject = 4C4AB53D1810C8B900B286AA /* Project object */;
}
